
Microsoft Visual Studio Solution File, Format Version 12.00
# Visual Studio Version 17
VisualStudioVersion = 17.2.32616.157
MinimumVisualStudioVersion = 10.0.40219.1
Project("{FAE04EC0-301F-11D3-BF4B-00C04F79EFBC}") = "MayTinhBoTui", "MayTinhBoTui\MayTinhBoTui.csproj", "{EBECBC2B-8658-47DF-9467-21AE341E0E96}"
EndProject
Global
	GlobalSection(SolutionConfigurationPlatforms) = preSolution
		Debug|Any CPU = Debug|Any CPU
		Release|Any CPU = Release|Any CPU
	EndGlobalSection
	GlobalSection(ProjectConfigurationPlatforms) = postSolution
		{EBECBC2B-8658-47DF-9467-21AE341E0E96}.Debug|Any CPU.ActiveCfg = Debug|Any CPU
		{EBECBC2B-8658-47DF-9467-21AE341E0E96}.Debug|Any CPU.Build.0 = Debug|Any CPU
		{EBECBC2B-8658-47DF-9467-21AE341E0E96}.Release|Any CPU.ActiveCfg = Release|Any CPU
		{EBECBC2B-8658-47DF-9467-21AE341E0E96}.Release|Any CPU.Build.0 = Release|Any CPU
	EndGlobalSection
	GlobalSection(SolutionProperties) = preSolution
		HideSolutionNode = FALSE
	EndGlobalSection
	GlobalSection(ExtensibilityGlobals) = postSolution
		SolutionGuid = {58685396-B973-4194-A474-CB9DCA1FF1E2}
	EndGlobalSection
EndGlobal
