
Microsoft Visual Studio Solution File, Format Version 12.00
# Visual Studio Version 17
VisualStudioVersion = 17.2.32616.157
MinimumVisualStudioVersion = 10.0.40219.1
Project("{9A19103F-16F7-4668-BE54-9A1E7A4F7556}") = "buoi18_7", "buoi18_7\buoi18_7.csproj", "{6742D47F-1A29-4C47-9A42-4FCEBB708EBE}"
EndProject
Project("{FAE04EC0-301F-11D3-BF4B-00C04F79EFBC}") = "Abstract", "Abstract\Abstract.csproj", "{8D3B9E5A-CBA3-43D5-88F8-D39D9045E43C}"
EndProject
Project("{FAE04EC0-301F-11D3-BF4B-00C04F79EFBC}") = "InterFace", "InterFace\InterFace.csproj", "{8A41392B-8C04-47A2-9DA4-500D28B72F8F}"
EndProject
Global
	GlobalSection(SolutionConfigurationPlatforms) = preSolution
		Debug|Any CPU = Debug|Any CPU
		Release|Any CPU = Release|Any CPU
	EndGlobalSection
	GlobalSection(ProjectConfigurationPlatforms) = postSolution
		{6742D47F-1A29-4C47-9A42-4FCEBB708EBE}.Debug|Any CPU.ActiveCfg = Debug|Any CPU
		{6742D47F-1A29-4C47-9A42-4FCEBB708EBE}.Debug|Any CPU.Build.0 = Debug|Any CPU
		{6742D47F-1A29-4C47-9A42-4FCEBB708EBE}.Release|Any CPU.ActiveCfg = Release|Any CPU
		{6742D47F-1A29-4C47-9A42-4FCEBB708EBE}.Release|Any CPU.Build.0 = Release|Any CPU
		{8D3B9E5A-CBA3-43D5-88F8-D39D9045E43C}.Debug|Any CPU.ActiveCfg = Debug|Any CPU
		{8D3B9E5A-CBA3-43D5-88F8-D39D9045E43C}.Debug|Any CPU.Build.0 = Debug|Any CPU
		{8D3B9E5A-CBA3-43D5-88F8-D39D9045E43C}.Release|Any CPU.ActiveCfg = Release|Any CPU
		{8D3B9E5A-CBA3-43D5-88F8-D39D9045E43C}.Release|Any CPU.Build.0 = Release|Any CPU
		{8A41392B-8C04-47A2-9DA4-500D28B72F8F}.Debug|Any CPU.ActiveCfg = Debug|Any CPU
		{8A41392B-8C04-47A2-9DA4-500D28B72F8F}.Debug|Any CPU.Build.0 = Debug|Any CPU
		{8A41392B-8C04-47A2-9DA4-500D28B72F8F}.Release|Any CPU.ActiveCfg = Release|Any CPU
		{8A41392B-8C04-47A2-9DA4-500D28B72F8F}.Release|Any CPU.Build.0 = Release|Any CPU
	EndGlobalSection
	GlobalSection(SolutionProperties) = preSolution
		HideSolutionNode = FALSE
	EndGlobalSection
	GlobalSection(ExtensibilityGlobals) = postSolution
		SolutionGuid = {8894A53C-00DF-4B76-AE88-4773D787084D}
	EndGlobalSection
EndGlobal
