
Microsoft Visual Studio Solution File, Format Version 12.00
# Visual Studio Version 17
VisualStudioVersion = 17.2.32616.157
MinimumVisualStudioVersion = 10.0.40219.1
Project("{FAE04EC0-301F-11D3-BF4B-00C04F79EFBC}") = "ListBox", "ListBox\ListBox.csproj", "{C823AB13-110E-4223-B81E-417CE37088DB}"
EndProject
Global
	GlobalSection(SolutionConfigurationPlatforms) = preSolution
		Debug|Any CPU = Debug|Any CPU
		Release|Any CPU = Release|Any CPU
	EndGlobalSection
	GlobalSection(ProjectConfigurationPlatforms) = postSolution
		{C823AB13-110E-4223-B81E-417CE37088DB}.Debug|Any CPU.ActiveCfg = Debug|Any CPU
		{C823AB13-110E-4223-B81E-417CE37088DB}.Debug|Any CPU.Build.0 = Debug|Any CPU
		{C823AB13-110E-4223-B81E-417CE37088DB}.Release|Any CPU.ActiveCfg = Release|Any CPU
		{C823AB13-110E-4223-B81E-417CE37088DB}.Release|Any CPU.Build.0 = Release|Any CPU
	EndGlobalSection
	GlobalSection(SolutionProperties) = preSolution
		HideSolutionNode = FALSE
	EndGlobalSection
	GlobalSection(ExtensibilityGlobals) = postSolution
		SolutionGuid = {194C628B-A7AF-4A43-89C8-EAA39C8EBBD3}
	EndGlobalSection
EndGlobal
